
Microsoft Visual Studio Solution File, Format Version 12.00
# Visual Studio Version 17
VisualStudioVersion = 17.9.34902.65
MinimumVisualStudioVersion = 10.0.40219.1
Project("{F184B08F-C81C-45F6-A57F-5ABD9991F28F}") = "hotel_management_system", "hotel_management_system\hotel_management_system.vbproj", "{C2502D4E-90BD-41B2-A4B3-7B147C53C065}"
EndProject
Global
	GlobalSection(SolutionConfigurationPlatforms) = preSolution
		Debug|Any CPU = Debug|Any CPU
		Release|Any CPU = Release|Any CPU
	EndGlobalSection
	GlobalSection(ProjectConfigurationPlatforms) = postSolution
		{C2502D4E-90BD-41B2-A4B3-7B147C53C065}.Debug|Any CPU.ActiveCfg = Debug|Any CPU
		{C2502D4E-90BD-41B2-A4B3-7B147C53C065}.Debug|Any CPU.Build.0 = Debug|Any CPU
		{C2502D4E-90BD-41B2-A4B3-7B147C53C065}.Release|Any CPU.ActiveCfg = Release|Any CPU
		{C2502D4E-90BD-41B2-A4B3-7B147C53C065}.Release|Any CPU.Build.0 = Release|Any CPU
	EndGlobalSection
	GlobalSection(SolutionProperties) = preSolution
		HideSolutionNode = FALSE
	EndGlobalSection
	GlobalSection(ExtensibilityGlobals) = postSolution
		SolutionGuid = {CD2B24B7-30B8-4736-A8F9-5BDF199A8824}
	EndGlobalSection
EndGlobal
